
Microsoft Visual Studio Solution File, Format Version 12.00
# Visual Studio Version 16
VisualStudioVersion = 16.0.29201.188
MinimumVisualStudioVersion = 10.0.40219.1
Project("{8BC9CEB8-8B4A-11D0-8D11-00A0C91BC942}") = "CPPRP", "CPPRP\CPPRP.vcxproj", "{19774F95-050F-4F93-938D-EDC073E355E2}"
EndProject
Project("{8BC9CEB8-8B4A-11D0-8D11-00A0C91BC942}") = "CPPRPTest", "CPPRPTest\CPPRPTest.vcxproj", "{0F44FCEC-8274-45D3-8E6F-0051A1508611}"
EndProject
Project("{8BC9CEB8-8B4A-11D0-8D11-00A0C91BC942}") = "CPPRPJSON", "CPPRPJSON\CPPRPJSON.vcxproj", "{358A012A-4E95-4422-B80E-9F1AD202311A}"
EndProject
Project("{8BC9CEB8-8B4A-11D0-8D11-00A0C91BC942}") = "CPPRPBM", "CPPRPBM\CPPRPBM.vcxproj", "{A534B952-203C-41E5-A81E-184953F6D39E}"
EndProject
Project("{8BC9CEB8-8B4A-11D0-8D11-00A0C91BC942}") = "CPPRPPlayer", "CPPRPPlayer\CPPRPPlayer.vcxproj", "{0F73C5F4-69CC-4C14-BB0E-3F36C67B8B91}"
EndProject
Global
	GlobalSection(SolutionConfigurationPlatforms) = preSolution
		Debug|x64 = Debug|x64
		Debug|x86 = Debug|x86
		JSONBuild|x64 = JSONBuild|x64
		JSONBuild|x86 = JSONBuild|x86
		Release|x64 = Release|x64
		Release|x86 = Release|x86
	EndGlobalSection
	GlobalSection(ProjectConfigurationPlatforms) = postSolution
		{19774F95-050F-4F93-938D-EDC073E355E2}.Debug|x64.ActiveCfg = Debug|x64
		{19774F95-050F-4F93-938D-EDC073E355E2}.Debug|x64.Build.0 = Debug|x64
		{19774F95-050F-4F93-938D-EDC073E355E2}.Debug|x86.ActiveCfg = Debug|Win32
		{19774F95-050F-4F93-938D-EDC073E355E2}.Debug|x86.Build.0 = Debug|Win32
		{19774F95-050F-4F93-938D-EDC073E355E2}.JSONBuild|x64.ActiveCfg = JSONBuild|x64
		{19774F95-050F-4F93-938D-EDC073E355E2}.JSONBuild|x64.Build.0 = JSONBuild|x64
		{19774F95-050F-4F93-938D-EDC073E355E2}.JSONBuild|x86.ActiveCfg = JSONBuild|Win32
		{19774F95-050F-4F93-938D-EDC073E355E2}.JSONBuild|x86.Build.0 = JSONBuild|Win32
		{19774F95-050F-4F93-938D-EDC073E355E2}.Release|x64.ActiveCfg = Release|x64
		{19774F95-050F-4F93-938D-EDC073E355E2}.Release|x64.Build.0 = Release|x64
		{19774F95-050F-4F93-938D-EDC073E355E2}.Release|x86.ActiveCfg = Release|Win32
		{19774F95-050F-4F93-938D-EDC073E355E2}.Release|x86.Build.0 = Release|Win32
		{0F44FCEC-8274-45D3-8E6F-0051A1508611}.Debug|x64.ActiveCfg = Debug|x64
		{0F44FCEC-8274-45D3-8E6F-0051A1508611}.Debug|x64.Build.0 = Debug|x64
		{0F44FCEC-8274-45D3-8E6F-0051A1508611}.Debug|x86.ActiveCfg = Debug|Win32
		{0F44FCEC-8274-45D3-8E6F-0051A1508611}.JSONBuild|x64.ActiveCfg = JSONBuild|x64
		{0F44FCEC-8274-45D3-8E6F-0051A1508611}.JSONBuild|x86.ActiveCfg = JSONBuild|Win32
		{0F44FCEC-8274-45D3-8E6F-0051A1508611}.Release|x64.ActiveCfg = Release|x64
		{0F44FCEC-8274-45D3-8E6F-0051A1508611}.Release|x86.ActiveCfg = Release|Win32
		{358A012A-4E95-4422-B80E-9F1AD202311A}.Debug|x64.ActiveCfg = Debug|x64
		{358A012A-4E95-4422-B80E-9F1AD202311A}.Debug|x86.ActiveCfg = Debug|Win32
		{358A012A-4E95-4422-B80E-9F1AD202311A}.Debug|x86.Build.0 = Debug|Win32
		{358A012A-4E95-4422-B80E-9F1AD202311A}.JSONBuild|x64.ActiveCfg = JSONBuild|x64
		{358A012A-4E95-4422-B80E-9F1AD202311A}.JSONBuild|x64.Build.0 = JSONBuild|x64
		{358A012A-4E95-4422-B80E-9F1AD202311A}.JSONBuild|x86.ActiveCfg = JSONBuild|Win32
		{358A012A-4E95-4422-B80E-9F1AD202311A}.JSONBuild|x86.Build.0 = JSONBuild|Win32
		{358A012A-4E95-4422-B80E-9F1AD202311A}.Release|x64.ActiveCfg = Release|x64
		{358A012A-4E95-4422-B80E-9F1AD202311A}.Release|x64.Build.0 = Release|x64
		{358A012A-4E95-4422-B80E-9F1AD202311A}.Release|x86.ActiveCfg = Release|Win32
		{358A012A-4E95-4422-B80E-9F1AD202311A}.Release|x86.Build.0 = Release|Win32
		{A534B952-203C-41E5-A81E-184953F6D39E}.Debug|x64.ActiveCfg = Debug|x64
		{A534B952-203C-41E5-A81E-184953F6D39E}.Debug|x86.ActiveCfg = Debug|Win32
		{A534B952-203C-41E5-A81E-184953F6D39E}.JSONBuild|x64.ActiveCfg = JSONBuild|x64
		{A534B952-203C-41E5-A81E-184953F6D39E}.JSONBuild|x86.ActiveCfg = JSONBuild|Win32
		{A534B952-203C-41E5-A81E-184953F6D39E}.Release|x64.ActiveCfg = Release|x64
		{A534B952-203C-41E5-A81E-184953F6D39E}.Release|x86.ActiveCfg = Release|Win32
		{0F73C5F4-69CC-4C14-BB0E-3F36C67B8B91}.Debug|x64.ActiveCfg = Debug|x64
		{0F73C5F4-69CC-4C14-BB0E-3F36C67B8B91}.Debug|x64.Build.0 = Debug|x64
		{0F73C5F4-69CC-4C14-BB0E-3F36C67B8B91}.Debug|x86.ActiveCfg = Debug|Win32
		{0F73C5F4-69CC-4C14-BB0E-3F36C67B8B91}.Debug|x86.Build.0 = Debug|Win32
		{0F73C5F4-69CC-4C14-BB0E-3F36C67B8B91}.JSONBuild|x64.ActiveCfg = JSONBuild|x64
		{0F73C5F4-69CC-4C14-BB0E-3F36C67B8B91}.JSONBuild|x86.ActiveCfg = JSONBuild|Win32
		{0F73C5F4-69CC-4C14-BB0E-3F36C67B8B91}.Release|x64.ActiveCfg = Release|x64
		{0F73C5F4-69CC-4C14-BB0E-3F36C67B8B91}.Release|x86.ActiveCfg = Release|Win32
		{0F73C5F4-69CC-4C14-BB0E-3F36C67B8B91}.Release|x86.Build.0 = Release|Win32
	EndGlobalSection
	GlobalSection(SolutionProperties) = preSolution
		HideSolutionNode = FALSE
	EndGlobalSection
	GlobalSection(ExtensibilityGlobals) = postSolution
		SolutionGuid = {9AD92617-4524-4954-B536-37E3788F257E}
	EndGlobalSection
EndGlobal
